
Microsoft Visual Studio Solution File, Format Version 12.00
Project("{FAE04EC0-301F-11D3-BF4B-00C04F79EFBC}") = "WeatherApp.Api", "WeatherApp.Api\WeatherApp.Api.csproj", "{DA217D3C-F059-4749-A446-E2269F466E78}"
EndProject
Project("{FAE04EC0-301F-11D3-BF4B-00C04F79EFBC}") = "WeatherApp.Domain", "WeatherApp.Domain\WeatherApp.Domain.csproj", "{C84999E9-D55F-4141-A474-AF8FA222549B}"
EndProject
Project("{FAE04EC0-301F-11D3-BF4B-00C04F79EFBC}") = "WeatherApp.Application", "WeatherApp.Application\WeatherApp.Application.csproj", "{61FCFB45-EEB5-4EBE-93F9-2D9DC6ED981B}"
EndProject
Project("{FAE04EC0-301F-11D3-BF4B-00C04F79EFBC}") = "WeatherApp.Infrastructure", "WeatherApp.Infrastructure\WeatherApp.Infrastructure.csproj", "{A38C7190-BFF9-46DB-9D7E-B191A84AAD51}"
EndProject
Global
	GlobalSection(SolutionConfigurationPlatforms) = preSolution
		Debug|Any CPU = Debug|Any CPU
		Release|Any CPU = Release|Any CPU
	EndGlobalSection
	GlobalSection(ProjectConfigurationPlatforms) = postSolution
		{DA217D3C-F059-4749-A446-E2269F466E78}.Debug|Any CPU.ActiveCfg = Debug|Any CPU
		{DA217D3C-F059-4749-A446-E2269F466E78}.Debug|Any CPU.Build.0 = Debug|Any CPU
		{DA217D3C-F059-4749-A446-E2269F466E78}.Release|Any CPU.ActiveCfg = Release|Any CPU
		{DA217D3C-F059-4749-A446-E2269F466E78}.Release|Any CPU.Build.0 = Release|Any CPU
		{C84999E9-D55F-4141-A474-AF8FA222549B}.Debug|Any CPU.ActiveCfg = Debug|Any CPU
		{C84999E9-D55F-4141-A474-AF8FA222549B}.Debug|Any CPU.Build.0 = Debug|Any CPU
		{C84999E9-D55F-4141-A474-AF8FA222549B}.Release|Any CPU.ActiveCfg = Release|Any CPU
		{C84999E9-D55F-4141-A474-AF8FA222549B}.Release|Any CPU.Build.0 = Release|Any CPU
		{61FCFB45-EEB5-4EBE-93F9-2D9DC6ED981B}.Debug|Any CPU.ActiveCfg = Debug|Any CPU
		{61FCFB45-EEB5-4EBE-93F9-2D9DC6ED981B}.Debug|Any CPU.Build.0 = Debug|Any CPU
		{61FCFB45-EEB5-4EBE-93F9-2D9DC6ED981B}.Release|Any CPU.ActiveCfg = Release|Any CPU
		{61FCFB45-EEB5-4EBE-93F9-2D9DC6ED981B}.Release|Any CPU.Build.0 = Release|Any CPU
		{A38C7190-BFF9-46DB-9D7E-B191A84AAD51}.Debug|Any CPU.ActiveCfg = Debug|Any CPU
		{A38C7190-BFF9-46DB-9D7E-B191A84AAD51}.Debug|Any CPU.Build.0 = Debug|Any CPU
		{A38C7190-BFF9-46DB-9D7E-B191A84AAD51}.Release|Any CPU.ActiveCfg = Release|Any CPU
		{A38C7190-BFF9-46DB-9D7E-B191A84AAD51}.Release|Any CPU.Build.0 = Release|Any CPU
	EndGlobalSection
EndGlobal
